Microsoft Visual Studio Solution File, Format Version 12.00
# Visual Studio Version 17
VisualStudioVersion = 17.0.31903.59
MinimumVisualStudioVersion = 10.0.40219.1
Project("{FAE04EC0-301F-11D3-BF4B-00C04F79EFBC}") = "SecretGame.Simulation", "src/SecretGame.Simulation/SecretGame.Simulation.csproj", "{44F7D70D-316A-43C1-9219-D241FF192AA1}"
EndProject
Project("{FAE04EC0-301F-11D3-BF4B-00C04F79EFBC}") = "SecretGame.Simulation.Tests", "tests/SecretGame.Simulation.Tests/SecretGame.Simulation.Tests.csproj", "{26D8C95D-72CB-46DA-981C-32D7BE39A4AF}"
EndProject
Project("{FAE04EC0-301F-11D3-BF4B-00C04F79EFBC}") = "SecretGame.RelayYard", "tools/SecretGame.RelayYard/SecretGame.RelayYard.csproj", "{3924DD3F-9A54-4A5F-89D5-A51DEDE882B7}"
EndProject
Project("{FAE04EC0-301F-11D3-BF4B-00C04F79EFBC}") = "SecretGame.Content", "src/SecretGame.Content/SecretGame.Content.csproj", "{6A9E153C-1101-42A1-83D4-40D3C77A7E06}"
EndProject
Project("{FAE04EC0-301F-11D3-BF4B-00C04F79EFBC}") = "SecretGame.Content.Tests", "tests/SecretGame.Content.Tests/SecretGame.Content.Tests.csproj", "{E8A1C87C-4644-4C41-A8EF-DBD9C177173C}"
EndProject
Project("{FAE04EC0-301F-11D3-BF4B-00C04F79EFBC}") = "SecretGame.Fuzz", "tools/SecretGame.Fuzz/SecretGame.Fuzz.csproj", "{67003243-E629-4CB6-B3B5-78A0B972B5C4}"
EndProject
Global
	GlobalSection(SolutionConfigurationPlatforms) = preSolution
		Debug|Any CPU = Debug|Any CPU
		Release|Any CPU = Release|Any CPU
	EndGlobalSection
EndGlobal
